// !$*UTF8*$!
{
	archiveVersion = 1;
	classes = {
	};
	objectVersion = 46;
	objects = {

/* Begin PBXBuildFile section */
		5809E398187D1D9E00AE7F86 /* SCHHeaderDueTodayView.m in Sources */ = {isa = PBXBuildFile; fileRef = 5809E397187D1D9E00AE7F86 /* SCHHeaderDueTodayView.m */; };
		587F47A71879708C0013EC6E /* SCHTask.m in Sources */ = {isa = PBXBuildFile; fileRef = 587F47A61879708C0013EC6E /* SCHTask.m */; };
		587F47AA187981DD0013EC6E /* SCHAssignment.m in Sources */ = {isa = PBXBuildFile; fileRef = 587F47A9187981DD0013EC6E /* SCHAssignment.m */; };
		587F47AD1879821B0013EC6E /* SCHQuiz.m in Sources */ = {isa = PBXBuildFile; fileRef = 587F47AC1879821B0013EC6E /* SCHQuiz.m */; };
		587F47B0187984440013EC6E /* SCHCourse.m in Sources */ = {isa = PBXBuildFile; fileRef = 587F47AF187984440013EC6E /* SCHCourse.m */; };
		5881B76C187C40BE0001145A /* SCHHeaderView.m in Sources */ = {isa = PBXBuildFile; fileRef = 5881B76B187C40BE0001145A /* SCHHeaderView.m */; };
		58824190187934D70059380D /* Storyboard.storyboard in Resources */ = {isa = PBXBuildFile; fileRef = 5882418F187934D70059380D /* Storyboard.storyboard */; };
		5882419418793EFE0059380D /* SCHTaskListViewController.m in Sources */ = {isa = PBXBuildFile; fileRef = 5882419318793EFE0059380D /* SCHTaskListViewController.m */; };
		58824198187946550059380D /* SCHTaskViewCell.m in Sources */ = {isa = PBXBuildFile; fileRef = 58824197187946550059380D /* SCHTaskViewCell.m */; };
		58A4604618790CA200301D62 /* UIKit.framework in Frameworks */ = {isa = PBXBuildFile; fileRef = 58A4604518790CA200301D62 /* UIKit.framework */; };
		58A4604818790CA200301D62 /* Foundation.framework in Frameworks */ = {isa = PBXBuildFile; fileRef = 58A4604718790CA200301D62 /* Foundation.framework */; };
		58A4604A18790CA200301D62 /* CoreGraphics.framework in Frameworks */ = {isa = PBXBuildFile; fileRef = 58A4604918790CA200301D62 /* CoreGraphics.framework */; };
		58A4605018790CA200301D62 /* InfoPlist.strings in Resources */ = {isa = PBXBuildFile; fileRef = 58A4604E18790CA200301D62 /* InfoPlist.strings */; };
		58A4605218790CA200301D62 /* main.m in Sources */ = {isa = PBXBuildFile; fileRef = 58A4605118790CA200301D62 /* main.m */; };
		58A4605618790CA200301D62 /* SCHAppDelegate.m in Sources */ = {isa = PBXBuildFile; fileRef = 58A4605518790CA200301D62 /* SCHAppDelegate.m */; };
		58A4605818790CA300301D62 /* Default.png in Resources */ = {isa = PBXBuildFile; fileRef = 58A4605718790CA300301D62 /* Default.png */; };
		58A4605A18790CA300301D62 /* Default@2x.png in Resources */ = {isa = PBXBuildFile; fileRef = 58A4605918790CA300301D62 /* Default@2x.png */; };
		58A4605C18790CA300301D62 /* Default-568h@2x.png in Resources */ = {isa = PBXBuildFile; fileRef = 58A4605B18790CA300301D62 /* Default-568h@2x.png */; };
		58A4606418790CA300301D62 /* SenTestingKit.framework in Frameworks */ = {isa = PBXBuildFile; fileRef = 58A4606318790CA300301D62 /* SenTestingKit.framework */; };
		58A4606518790CA300301D62 /* UIKit.framework in Frameworks */ = {isa = PBXBuildFile; fileRef = 58A4604518790CA200301D62 /* UIKit.framework */; };
		58A4606618790CA300301D62 /* Foundation.framework in Frameworks */ = {isa = PBXBuildFile; fileRef = 58A4604718790CA200301D62 /* Foundation.framework */; };
		58A4606E18790CA300301D62 /* InfoPlist.strings in Resources */ = {isa = PBXBuildFile; fileRef = 58A4606C18790CA300301D62 /* InfoPlist.strings */; };
		58A4607118790CA300301D62 /* scholar_calendarTests.m in Sources */ = {isa = PBXBuildFile; fileRef = 58A4607018790CA300301D62 /* scholar_calendarTests.m */; };
		58D6EEC3187D3A4900AB8745 /* SCHHeaderDueThisWeekView.m in Sources */ = {isa = PBXBuildFile; fileRef = 58D6EEC2187D3A4900AB8745 /* SCHHeaderDueThisWeekView.m */; };
		58D6EEC7187D3CB000AB8745 /* SCHHeaderDueNextWeekView.m in Sources */ = {isa = PBXBuildFile; fileRef = 58D6EEC6187D3CB000AB8745 /* SCHHeaderDueNextWeekView.m */; };
		58D6EECA187D3F1600AB8745 /* SCHHeaderDueFarView.m in Sources */ = {isa = PBXBuildFile; fileRef = 58D6EEC9187D3F1600AB8745 /* SCHHeaderDueFarView.m */; };
		58D97489187F17920093A3F0 /* SCHCourseScraper.m in Sources */ = {isa = PBXBuildFile; fileRef = 58D97488187F17920093A3F0 /* SCHCourseScraper.m */; };
		58D9748B187F18210093A3F0 /* libxml2.2.dylib in Frameworks */ = {isa = PBXBuildFile; fileRef = 58D9748A187F18210093A3F0 /* libxml2.2.dylib */; };
		58D974C7187F19F00093A3F0 /* TFHpple.m in Sources */ = {isa = PBXBuildFile; fileRef = 58D974C4187F19F00093A3F0 /* TFHpple.m */; };
		58D974C8187F19F00093A3F0 /* TFHppleElement.m in Sources */ = {isa = PBXBuildFile; fileRef = 58D974C6187F19F00093A3F0 /* TFHppleElement.m */; };
		58D974CB187F1A140093A3F0 /* XPathQuery.m in Sources */ = {isa = PBXBuildFile; fileRef = 58D974CA187F1A140093A3F0 /* XPathQuery.m */; };
/* End PBXBuildFile section */

/* Begin PBXContainerItemProxy section */
		58A4606718790CA300301D62 /* PBXContainerItemProxy */ = {
			isa = PBXContainerItemProxy;
			containerPortal = 58A4603A18790CA200301D62 /* Project object */;
			proxyType = 1;
			remoteGlobalIDString = 58A4604118790CA200301D62;
			remoteInfo = "scholar calendar";
		};
/* End PBXContainerItemProxy section */

/* Begin PBXFileReference section */
		5809E396187D1D9E00AE7F86 /* SCHHeaderDueTodayView.h */ = {isa = PBXFileReference; fileEncoding = 4; lastKnownFileType = sourcecode.c.h; path = SCHHeaderDueTodayView.h; sourceTree = "<group>"; };
		5809E397187D1D9E00AE7F86 /* SCHHeaderDueTodayView.m */ = {isa = PBXFileReference; fileEncoding = 4; lastKnownFileType = sourcecode.c.objc; path = SCHHeaderDueTodayView.m; sourceTree = "<group>"; };
		587F47A51879708C0013EC6E /* SCHTask.h */ = {isa = PBXFileReference; fileEncoding = 4; lastKnownFileType = sourcecode.c.h; path = SCHTask.h; sourceTree = "<group>"; };
		587F47A61879708C0013EC6E /* SCHTask.m */ = {isa = PBXFileReference; fileEncoding = 4; lastKnownFileType = sourcecode.c.objc; path = SCHTask.m; sourceTree = "<group>"; };
		587F47A8187981DD0013EC6E /* SCHAssignment.h */ = {isa = PBXFileReference; fileEncoding = 4; lastKnownFileType = sourcecode.c.h; path = SCHAssignment.h; sourceTree = "<group>"; };
		587F47A9187981DD0013EC6E /* SCHAssignment.m */ = {isa = PBXFileReference; fileEncoding = 4; lastKnownFileType = sourcecode.c.objc; path = SCHAssignment.m; sourceTree = "<group>"; };
		587F47AB1879821B0013EC6E /* SCHQuiz.h */ = {isa = PBXFileReference; fileEncoding = 4; lastKnownFileType = sourcecode.c.h; path = SCHQuiz.h; sourceTree = "<group>"; };
		587F47AC1879821B0013EC6E /* SCHQuiz.m */ = {isa = PBXFileReference; fileEncoding = 4; lastKnownFileType = sourcecode.c.objc; path = SCHQuiz.m; sourceTree = "<group>"; };
		587F47AE187984440013EC6E /* SCHCourse.h */ = {isa = PBXFileReference; fileEncoding = 4; lastKnownFileType = sourcecode.c.h; path = SCHCourse.h; sourceTree = "<group>"; };
		587F47AF187984440013EC6E /* SCHCourse.m */ = {isa = PBXFileReference; fileEncoding = 4; lastKnownFileType = sourcecode.c.objc; path = SCHCourse.m; sourceTree = "<group>"; };
		5881B76A187C40BE0001145A /* SCHHeaderView.h */ = {isa = PBXFileReference; fileEncoding = 4; lastKnownFileType = sourcecode.c.h; path = SCHHeaderView.h; sourceTree = "<group>"; };
		5881B76B187C40BE0001145A /* SCHHeaderView.m */ = {isa = PBXFileReference; fileEncoding = 4; lastKnownFileType = sourcecode.c.objc; path = SCHHeaderView.m; sourceTree = "<group>"; };
		5882418F187934D70059380D /* Storyboard.storyboard */ = {isa = PBXFileReference; fileEncoding = 4; lastKnownFileType = file.storyboard; path = Storyboard.storyboard; sourceTree = "<group>"; };
		5882419218793EFE0059380D /* SCHTaskListViewController.h */ = {isa = PBXFileReference; fileEncoding = 4; lastKnownFileType = sourcecode.c.h; path = SCHTaskListViewController.h; sourceTree = "<group>"; };
		5882419318793EFE0059380D /* SCHTaskListViewController.m */ = {isa = PBXFileReference; fileEncoding = 4; lastKnownFileType = sourcecode.c.objc; path = SCHTaskListViewController.m; sourceTree = "<group>"; };
		58824196187946550059380D /* SCHTaskViewCell.h */ = {isa = PBXFileReference; fileEncoding = 4; lastKnownFileType = sourcecode.c.h; path = SCHTaskViewCell.h; sourceTree = "<group>"; };
		58824197187946550059380D /* SCHTaskViewCell.m */ = {isa = PBXFileReference; fileEncoding = 4; lastKnownFileType = sourcecode.c.objc; path = SCHTaskViewCell.m; sourceTree = "<group>"; };
		58A4604218790CA200301D62 /* scholar calendar.app */ = {isa = PBXFileReference; explicitFileType = wrapper.application; includeInIndex = 0; path = "scholar calendar.app"; sourceTree = BUILT_PRODUCTS_DIR; };
		58A4604518790CA200301D62 /* UIKit.framework */ = {isa = PBXFileReference; lastKnownFileType = wrapper.framework; name = UIKit.framework; path = System/Library/Frameworks/UIKit.framework; sourceTree = SDKROOT; };
		58A4604718790CA200301D62 /* Foundation.framework */ = {isa = PBXFileReference; lastKnownFileType = wrapper.framework; name = Foundation.framework; path = System/Library/Frameworks/Foundation.framework; sourceTree = SDKROOT; };
		58A4604918790CA200301D62 /* CoreGraphics.framework */ = {isa = PBXFileReference; lastKnownFileType = wrapper.framework; name = CoreGraphics.framework; path = System/Library/Frameworks/CoreGraphics.framework; sourceTree = SDKROOT; };
		58A4604D18790CA200301D62 /* scholar calendar-Info.plist */ = {isa = PBXFileReference; lastKnownFileType = text.plist.xml; path = "scholar calendar-Info.plist"; sourceTree = "<group>"; };
		58A4604F18790CA200301D62 /* en */ = {isa = PBXFileReference; lastKnownFileType = text.plist.strings; name = en; path = en.lproj/InfoPlist.strings; sourceTree = "<group>"; };
		58A4605118790CA200301D62 /* main.m */ = {isa = PBXFileReference; lastKnownFileType = sourcecode.c.objc; path = main.m; sourceTree = "<group>"; };
		58A4605318790CA200301D62 /* scholar calendar-Prefix.pch */ = {isa = PBXFileReference; lastKnownFileType = sourcecode.c.h; path = "scholar calendar-Prefix.pch"; sourceTree = "<group>"; };
		58A4605418790CA200301D62 /* SCHAppDelegate.h */ = {isa = PBXFileReference; lastKnownFileType = sourcecode.c.h; path = SCHAppDelegate.h; sourceTree = "<group>"; };
		58A4605518790CA200301D62 /* SCHAppDelegate.m */ = {isa = PBXFileReference; lastKnownFileType = sourcecode.c.objc; path = SCHAppDelegate.m; sourceTree = "<group>"; };
		58A4605718790CA300301D62 /* Default.png */ = {isa = PBXFileReference; lastKnownFileType = image.png; path = Default.png; sourceTree = "<group>"; };
		58A4605918790CA300301D62 /* Default@2x.png */ = {isa = PBXFileReference; lastKnownFileType = image.png; path = "Default@2x.png"; sourceTree = "<group>"; };
		58A4605B18790CA300301D62 /* Default-568h@2x.png */ = {isa = PBXFileReference; lastKnownFileType = image.png; path = "Default-568h@2x.png"; sourceTree = "<group>"; };
		58A4606218790CA300301D62 /* scholar calendarTests.octest */ = {isa = PBXFileReference; explicitFileType = wrapper.cfbundle; includeInIndex = 0; path = "scholar calendarTests.octest"; sourceTree = BUILT_PRODUCTS_DIR; };
		58A4606318790CA300301D62 /* SenTestingKit.framework */ = {isa = PBXFileReference; lastKnownFileType = wrapper.framework; name = SenTestingKit.framework; path = Library/Frameworks/SenTestingKit.framework; sourceTree = DEVELOPER_DIR; };
		58A4606B18790CA300301D62 /* scholar calendarTests-Info.plist */ = {isa = PBXFileReference; lastKnownFileType = text.plist.xml; path = "scholar calendarTests-Info.plist"; sourceTree = "<group>"; };
		58A4606D18790CA300301D62 /* en */ = {isa = PBXFileReference; lastKnownFileType = text.plist.strings; name = en; path = en.lproj/InfoPlist.strings; sourceTree = "<group>"; };
		58A4606F18790CA300301D62 /* scholar_calendarTests.h */ = {isa = PBXFileReference; lastKnownFileType = sourcecode.c.h; path = scholar_calendarTests.h; sourceTree = "<group>"; };
		58A4607018790CA300301D62 /* scholar_calendarTests.m */ = {isa = PBXFileReference; lastKnownFileType = sourcecode.c.objc; path = scholar_calendarTests.m; sourceTree = "<group>"; };
		58D6EEC1187D3A4800AB8745 /* SCHHeaderDueThisWeekView.h */ = {isa = PBXFileReference; fileEncoding = 4; lastKnownFileType = sourcecode.c.h; path = SCHHeaderDueThisWeekView.h; sourceTree = "<group>"; };
		58D6EEC2187D3A4900AB8745 /* SCHHeaderDueThisWeekView.m */ = {isa = PBXFileReference; fileEncoding = 4; lastKnownFileType = sourcecode.c.objc; path = SCHHeaderDueThisWeekView.m; sourceTree = "<group>"; };
		58D6EEC5187D3CB000AB8745 /* SCHHeaderDueNextWeekView.h */ = {isa = PBXFileReference; fileEncoding = 4; lastKnownFileType = sourcecode.c.h; path = SCHHeaderDueNextWeekView.h; sourceTree = "<group>"; };
		58D6EEC6187D3CB000AB8745 /* SCHHeaderDueNextWeekView.m */ = {isa = PBXFileReference; fileEncoding = 4; lastKnownFileType = sourcecode.c.objc; path = SCHHeaderDueNextWeekView.m; sourceTree = "<group>"; };
		58D6EEC8187D3F1600AB8745 /* SCHHeaderDueFarView.h */ = {isa = PBXFileReference; fileEncoding = 4; lastKnownFileType = sourcecode.c.h; path = SCHHeaderDueFarView.h; sourceTree = "<group>"; };
		58D6EEC9187D3F1600AB8745 /* SCHHeaderDueFarView.m */ = {isa = PBXFileReference; fileEncoding = 4; lastKnownFileType = sourcecode.c.objc; path = SCHHeaderDueFarView.m; sourceTree = "<group>"; };
		58D97487187F17860093A3F0 /* SCHCourseScraper.h */ = {isa = PBXFileReference; fileEncoding = 4; lastKnownFileType = sourcecode.c.h; path = SCHCourseScraper.h; sourceTree = "<group>"; };
		58D97488187F17920093A3F0 /* SCHCourseScraper.m */ = {isa = PBXFileReference; fileEncoding = 4; lastKnownFileType = sourcecode.c.objc; path = SCHCourseScraper.m; sourceTree = "<group>"; };
		58D9748A187F18210093A3F0 /* libxml2.2.dylib */ = {isa = PBXFileReference; lastKnownFileType = "compiled.mach-o.dylib"; name = libxml2.2.dylib; path = usr/lib/libxml2.2.dylib; sourceTree = SDKROOT; };
		58D974C3187F19F00093A3F0 /* TFHpple.h */ = {isa = PBXFileReference; fileEncoding = 4; lastKnownFileType = sourcecode.c.h; path = TFHpple.h; sourceTree = "<group>"; };
		58D974C4187F19F00093A3F0 /* TFHpple.m */ = {isa = PBXFileReference; fileEncoding = 4; lastKnownFileType = sourcecode.c.objc; path = TFHpple.m; sourceTree = "<group>"; };
		58D974C5187F19F00093A3F0 /* TFHppleElement.h */ = {isa = PBXFileReference; fileEncoding = 4; lastKnownFileType = sourcecode.c.h; path = TFHppleElement.h; sourceTree = "<group>"; };
		58D974C6187F19F00093A3F0 /* TFHppleElement.m */ = {isa = PBXFileReference; fileEncoding = 4; lastKnownFileType = sourcecode.c.objc; path = TFHppleElement.m; sourceTree = "<group>"; };
		58D974C9187F1A140093A3F0 /* XPathQuery.h */ = {isa = PBXFileReference; fileEncoding = 4; lastKnownFileType = sourcecode.c.h; path = XPathQuery.h; sourceTree = "<group>"; };
		58D974CA187F1A140093A3F0 /* XPathQuery.m */ = {isa = PBXFileReference; fileEncoding = 4; lastKnownFileType = sourcecode.c.objc; path = XPathQuery.m; sourceTree = "<group>"; };
/* End PBXFileReference section */

/* Begin PBXFrameworksBuildPhase section */
		58A4603F18790CA200301D62 /* Frameworks */ = {
			isa = PBXFrameworksBuildPhase;
			buildActionMask = 2147483647;
			files = (
				58D9748B187F18210093A3F0 /* libxml2.2.dylib in Frameworks */,
				58A4604618790CA200301D62 /* UIKit.framework in Frameworks */,
				58A4604818790CA200301D62 /* Foundation.framework in Frameworks */,
				58A4604A18790CA200301D62 /* CoreGraphics.framework in Frameworks */,
			);
			runOnlyForDeploymentPostprocessing = 0;
		};
		58A4605E18790CA300301D62 /* Frameworks */ = {
			isa = PBXFrameworksBuildPhase;
			buildActionMask = 2147483647;
			files = (
				58A4606418790CA300301D62 /* SenTestingKit.framework in Frameworks */,
				58A4606518790CA300301D62 /* UIKit.framework in Frameworks */,
				58A4606618790CA300301D62 /* Foundation.framework in Frameworks */,
			);
			runOnlyForDeploymentPostprocessing = 0;
		};
/* End PBXFrameworksBuildPhase section */

/* Begin PBXGroup section */
		5809E395187D1D7F00AE7F86 /* Headers */ = {
			isa = PBXGroup;
			children = (
				5881B76B187C40BE0001145A /* SCHHeaderView.m */,
				5881B76A187C40BE0001145A /* SCHHeaderView.h */,
				5809E396187D1D9E00AE7F86 /* SCHHeaderDueTodayView.h */,
				5809E397187D1D9E00AE7F86 /* SCHHeaderDueTodayView.m */,
				58D6EEC1187D3A4800AB8745 /* SCHHeaderDueThisWeekView.h */,
				58D6EEC2187D3A4900AB8745 /* SCHHeaderDueThisWeekView.m */,
				58D6EEC5187D3CB000AB8745 /* SCHHeaderDueNextWeekView.h */,
				58D6EEC6187D3CB000AB8745 /* SCHHeaderDueNextWeekView.m */,
				58D6EEC8187D3F1600AB8745 /* SCHHeaderDueFarView.h */,
				58D6EEC9187D3F1600AB8745 /* SCHHeaderDueFarView.m */,
			);
			path = Headers;
			sourceTree = "<group>";
		};
		587F47A4187970740013EC6E /* Model */ = {
			isa = PBXGroup;
			children = (
				587F47A51879708C0013EC6E /* SCHTask.h */,
				587F47A61879708C0013EC6E /* SCHTask.m */,
				587F47A8187981DD0013EC6E /* SCHAssignment.h */,
				587F47A9187981DD0013EC6E /* SCHAssignment.m */,
				587F47AB1879821B0013EC6E /* SCHQuiz.h */,
				587F47AC1879821B0013EC6E /* SCHQuiz.m */,
				587F47AE187984440013EC6E /* SCHCourse.h */,
				587F47AF187984440013EC6E /* SCHCourse.m */,
			);
			path = Model;
			sourceTree = "<group>";
		};
		5882419118793EA10059380D /* Controllers */ = {
			isa = PBXGroup;
			children = (
				5882419218793EFE0059380D /* SCHTaskListViewController.h */,
				5882419318793EFE0059380D /* SCHTaskListViewController.m */,
			);
			path = Controllers;
			sourceTree = "<group>";
		};
		588241951879460B0059380D /* Views */ = {
			isa = PBXGroup;
			children = (
				5809E395187D1D7F00AE7F86 /* Headers */,
				58824196187946550059380D /* SCHTaskViewCell.h */,
				58824197187946550059380D /* SCHTaskViewCell.m */,
			);
			path = Views;
			sourceTree = "<group>";
		};
		5885BE4B187EDCA3000B1148 /* Update */ = {
			isa = PBXGroup;
			children = (
				58D97488187F17920093A3F0 /* SCHCourseScraper.m */,
				58D97487187F17860093A3F0 /* SCHCourseScraper.h */,
			);
			path = Update;
			sourceTree = "<group>";
		};
		58A4603918790CA200301D62 = {
			isa = PBXGroup;
			children = (
				58D9748A187F18210093A3F0 /* libxml2.2.dylib */,
				58D97486187F172B0093A3F0 /* Hpple */,
				5882418F187934D70059380D /* Storyboard.storyboard */,
				58A4604B18790CA200301D62 /* scholar calendar */,
				58A4606918790CA300301D62 /* scholar calendarTests */,
				58A4604418790CA200301D62 /* Frameworks */,
				58A4604318790CA200301D62 /* Products */,
			);
			sourceTree = "<group>";
		};
		58A4604318790CA200301D62 /* Products */ = {
			isa = PBXGroup;
			children = (
				58A4604218790CA200301D62 /* scholar calendar.app */,
				58A4606218790CA300301D62 /* scholar calendarTests.octest */,
			);
			name = Products;
			sourceTree = "<group>";
		};
		58A4604418790CA200301D62 /* Frameworks */ = {
			isa = PBXGroup;
			children = (
				58A4604518790CA200301D62 /* UIKit.framework */,
				58A4604718790CA200301D62 /* Foundation.framework */,
				58A4604918790CA200301D62 /* CoreGraphics.framework */,
				58A4606318790CA300301D62 /* SenTestingKit.framework */,
			);
			name = Frameworks;
			sourceTree = "<group>";
		};
		58A4604B18790CA200301D62 /* scholar calendar */ = {
			isa = PBXGroup;
			children = (
				587F47A4187970740013EC6E /* Model */,
				5885BE4B187EDCA3000B1148 /* Update */,
				588241951879460B0059380D /* Views */,
				5882419118793EA10059380D /* Controllers */,
				58A4605418790CA200301D62 /* SCHAppDelegate.h */,
				58A4605518790CA200301D62 /* SCHAppDelegate.m */,
				58A4604C18790CA200301D62 /* Supporting Files */,
			);
			path = "scholar calendar";
			sourceTree = "<group>";
		};
		58A4604C18790CA200301D62 /* Supporting Files */ = {
			isa = PBXGroup;
			children = (
				58A4604D18790CA200301D62 /* scholar calendar-Info.plist */,
				58A4604E18790CA200301D62 /* InfoPlist.strings */,
				58A4605118790CA200301D62 /* main.m */,
				58A4605318790CA200301D62 /* scholar calendar-Prefix.pch */,
				58A4605718790CA300301D62 /* Default.png */,
				58A4605918790CA300301D62 /* Default@2x.png */,
				58A4605B18790CA300301D62 /* Default-568h@2x.png */,
			);
			name = "Supporting Files";
			sourceTree = "<group>";
		};
		58A4606918790CA300301D62 /* scholar calendarTests */ = {
			isa = PBXGroup;
			children = (
				58A4606F18790CA300301D62 /* scholar_calendarTests.h */,
				58A4607018790CA300301D62 /* scholar_calendarTests.m */,
				58A4606A18790CA300301D62 /* Supporting Files */,
			);
			path = "scholar calendarTests";
			sourceTree = "<group>";
		};
		58A4606A18790CA300301D62 /* Supporting Files */ = {
			isa = PBXGroup;
			children = (
				58A4606B18790CA300301D62 /* scholar calendarTests-Info.plist */,
				58A4606C18790CA300301D62 /* InfoPlist.strings */,
			);
			name = "Supporting Files";
			sourceTree = "<group>";
		};
		58D97486187F172B0093A3F0 /* Hpple */ = {
			isa = PBXGroup;
			children = (
				58D974C3187F19F00093A3F0 /* TFHpple.h */,
				58D974C4187F19F00093A3F0 /* TFHpple.m */,
				58D974C5187F19F00093A3F0 /* TFHppleElement.h */,
				58D974C6187F19F00093A3F0 /* TFHppleElement.m */,
				58D9748C187F193B0093A3F0 /* XPath */,
			);
			path = Hpple;
			sourceTree = "<group>";
		};
		58D9748C187F193B0093A3F0 /* XPath */ = {
			isa = PBXGroup;
			children = (
				58D974C9187F1A140093A3F0 /* XPathQuery.h */,
				58D974CA187F1A140093A3F0 /* XPathQuery.m */,
			);
			path = XPath;
			sourceTree = "<group>";
		};
/* End PBXGroup section */

/* Begin PBXNativeTarget section */
		58A4604118790CA200301D62 /* scholar calendar */ = {
			isa = PBXNativeTarget;
			buildConfigurationList = 58A4607418790CA300301D62 /* Build configuration list for PBXNativeTarget "scholar calendar" */;
			buildPhases = (
				58A4603E18790CA200301D62 /* Sources */,
				58A4603F18790CA200301D62 /* Frameworks */,
				58A4604018790CA200301D62 /* Resources */,
			);
			buildRules = (
			);
			dependencies = (
			);
			name = "scholar calendar";
			productName = "scholar calendar";
			productReference = 58A4604218790CA200301D62 /* scholar calendar.app */;
			productType = "com.apple.product-type.application";
		};
		58A4606118790CA300301D62 /* scholar calendarTests */ = {
			isa = PBXNativeTarget;
			buildConfigurationList = 58A4607718790CA300301D62 /* Build configuration list for PBXNativeTarget "scholar calendarTests" */;
			buildPhases = (
				58A4605D18790CA300301D62 /* Sources */,
				58A4605E18790CA300301D62 /* Frameworks */,
				58A4605F18790CA300301D62 /* Resources */,
				58A4606018790CA300301D62 /* ShellScript */,
			);
			buildRules = (
			);
			dependencies = (
				58A4606818790CA300301D62 /* PBXTargetDependency */,
			);
			name = "scholar calendarTests";
			productName = "scholar calendarTests";
			productReference = 58A4606218790CA300301D62 /* scholar calendarTests.octest */;
			productType = "com.apple.product-type.bundle";
		};
/* End PBXNativeTarget section */

/* Begin PBXProject section */
		58A4603A18790CA200301D62 /* Project object */ = {
			isa = PBXProject;
			attributes = {
				CLASSPREFIX = SCH;
				LastUpgradeCheck = 0460;
				ORGANIZATIONNAME = "Alex Lamar";
			};
			buildConfigurationList = 58A4603D18790CA200301D62 /* Build configuration list for PBXProject "scholar calendar" */;
			compatibilityVersion = "Xcode 3.2";
			developmentRegion = English;
			hasScannedForEncodings = 0;
			knownRegions = (
				en,
			);
			mainGroup = 58A4603918790CA200301D62;
			productRefGroup = 58A4604318790CA200301D62 /* Products */;
			projectDirPath = "";
			projectRoot = "";
			targets = (
				58A4604118790CA200301D62 /* scholar calendar */,
				58A4606118790CA300301D62 /* scholar calendarTests */,
			);
		};
/* End PBXProject section */

/* Begin PBXResourcesBuildPhase section */
		58A4604018790CA200301D62 /* Resources */ = {
			isa = PBXResourcesBuildPhase;
			buildActionMask = 2147483647;
			files = (
				58A4605018790CA200301D62 /* InfoPlist.strings in Resources */,
				58A4605818790CA300301D62 /* Default.png in Resources */,
				58A4605A18790CA300301D62 /* Default@2x.png in Resources */,
				58A4605C18790CA300301D62 /* Default-568h@2x.png in Resources */,
				58824190187934D70059380D /* Storyboard.storyboard in Resources */,
			);
			runOnlyForDeploymentPostprocessing = 0;
		};
		58A4605F18790CA300301D62 /* Resources */ = {
			isa = PBXResourcesBuildPhase;
			buildActionMask = 2147483647;
			files = (
				58A4606E18790CA300301D62 /* InfoPlist.strings in Resources */,
			);
			runOnlyForDeploymentPostprocessing = 0;
		};
/* End PBXResourcesBuildPhase section */

/* Begin PBXShellScriptBuildPhase section */
		58A4606018790CA300301D62 /* ShellScript */ = {
			isa = PBXShellScriptBuildPhase;
			buildActionMask = 2147483647;
			files = (
			);
			inputPaths = (
			);
			outputPaths = (
			);
			runOnlyForDeploymentPostprocessing = 0;
			shellPath = /bin/sh;
			shellScript = "# Run the unit tests in this test bundle.\n\"${SYSTEM_DEVELOPER_DIR}/Tools/RunUnitTests\"\n";
		};
/* End PBXShellScriptBuildPhase section */

/* Begin PBXSourcesBuildPhase section */
		58A4603E18790CA200301D62 /* Sources */ = {
			isa = PBXSourcesBuildPhase;
			buildActionMask = 2147483647;
			files = (
				58A4605218790CA200301D62 /* main.m in Sources */,
				58A4605618790CA200301D62 /* SCHAppDelegate.m in Sources */,
				5882419418793EFE0059380D /* SCHTaskListViewController.m in Sources */,
				58824198187946550059380D /* SCHTaskViewCell.m in Sources */,
				587F47A71879708C0013EC6E /* SCHTask.m in Sources */,
				587F47AA187981DD0013EC6E /* SCHAssignment.m in Sources */,
				587F47AD1879821B0013EC6E /* SCHQuiz.m in Sources */,
				587F47B0187984440013EC6E /* SCHCourse.m in Sources */,
				5881B76C187C40BE0001145A /* SCHHeaderView.m in Sources */,
				5809E398187D1D9E00AE7F86 /* SCHHeaderDueTodayView.m in Sources */,
				58D6EEC3187D3A4900AB8745 /* SCHHeaderDueThisWeekView.m in Sources */,
				58D6EEC7187D3CB000AB8745 /* SCHHeaderDueNextWeekView.m in Sources */,
				58D6EECA187D3F1600AB8745 /* SCHHeaderDueFarView.m in Sources */,
				58D97489187F17920093A3F0 /* SCHCourseScraper.m in Sources */,
				58D974C7187F19F00093A3F0 /* TFHpple.m in Sources */,
				58D974C8187F19F00093A3F0 /* TFHppleElement.m in Sources */,
				58D974CB187F1A140093A3F0 /* XPathQuery.m in Sources */,
			);
			runOnlyForDeploymentPostprocessing = 0;
		};
		58A4605D18790CA300301D62 /* Sources */ = {
			isa = PBXSourcesBuildPhase;
			buildActionMask = 2147483647;
			files = (
				58A4607118790CA300301D62 /* scholar_calendarTests.m in Sources */,
			);
			runOnlyForDeploymentPostprocessing = 0;
		};
/* End PBXSourcesBuildPhase section */

/* Begin PBXTargetDependency section */
		58A4606818790CA300301D62 /* PBXTargetDependency */ = {
			isa = PBXTargetDependency;
			target = 58A4604118790CA200301D62 /* scholar calendar */;
			targetProxy = 58A4606718790CA300301D62 /* PBXContainerItemProxy */;
		};
/* End PBXTargetDependency section */

/* Begin PBXVariantGroup section */
		58A4604E18790CA200301D62 /* InfoPlist.strings */ = {
			isa = PBXVariantGroup;
			children = (
				58A4604F18790CA200301D62 /* en */,
			);
			name = InfoPlist.strings;
			sourceTree = "<group>";
		};
		58A4606C18790CA300301D62 /* InfoPlist.strings */ = {
			isa = PBXVariantGroup;
			children = (
				58A4606D18790CA300301D62 /* en */,
			);
			name = InfoPlist.strings;
			sourceTree = "<group>";
		};
/* End PBXVariantGroup section */

/* Begin XCBuildConfiguration section */
		58A4607218790CA300301D62 /* Debug */ = {
			isa = XCBuildConfiguration;
			buildSettings = {
				ALWAYS_SEARCH_USER_PATHS = NO;
				CLANG_CXX_LANGUAGE_STANDARD = "gnu++0x";
				CLANG_CXX_LIBRARY = "libc++";
				CLANG_ENABLE_OBJC_ARC = YES;
				CLANG_WARN_CONSTANT_CONVERSION = YES;
				CLANG_WARN_EMPTY_BODY = YES;
				CLANG_WARN_ENUM_CONVERSION = YES;
				CLANG_WARN_INT_CONVERSION = YES;
				CLANG_WARN__DUPLICATE_METHOD_MATCH = YES;
				"CODE_SIGN_IDENTITY[sdk=iphoneos*]" = "iPhone Developer";
				COPY_PHASE_STRIP = NO;
				GCC_C_LANGUAGE_STANDARD = gnu99;
				GCC_DYNAMIC_NO_PIC = NO;
				GCC_OPTIMIZATION_LEVEL = 0;
				GCC_PREPROCESSOR_DEFINITIONS = (
					"DEBUG=1",
					"$(inherited)",
				);
				GCC_SYMBOLS_PRIVATE_EXTERN = NO;
				GCC_WARN_ABOUT_RETURN_TYPE = YES;
				GCC_WARN_UNINITIALIZED_AUTOS = YES;
				GCC_WARN_UNUSED_VARIABLE = YES;
				IPHONEOS_DEPLOYMENT_TARGET = 6.1;
				ONLY_ACTIVE_ARCH = YES;
				SDKROOT = iphoneos;
			};
			name = Debug;
		};
		58A4607318790CA300301D62 /* Release */ = {
			isa = XCBuildConfiguration;
			buildSettings = {
				ALWAYS_SEARCH_USER_PATHS = NO;
				CLANG_CXX_LANGUAGE_STANDARD = "gnu++0x";
				CLANG_CXX_LIBRARY = "libc++";
				CLANG_ENABLE_OBJC_ARC = YES;
				CLANG_WARN_CONSTANT_CONVERSION = YES;
				CLANG_WARN_EMPTY_BODY = YES;
				CLANG_WARN_ENUM_CONVERSION = YES;
				CLANG_WARN_INT_CONVERSION = YES;
				CLANG_WARN__DUPLICATE_METHOD_MATCH = YES;
				"CODE_SIGN_IDENTITY[sdk=iphoneos*]" = "iPhone Developer";
				COPY_PHASE_STRIP = YES;
				GCC_C_LANGUAGE_STANDARD = gnu99;
				GCC_WARN_ABOUT_RETURN_TYPE = YES;
				GCC_WARN_UNINITIALIZED_AUTOS = YES;
				GCC_WARN_UNUSED_VARIABLE = YES;
				IPHONEOS_DEPLOYMENT_TARGET = 6.1;
				OTHER_CFLAGS = "-DNS_BLOCK_ASSERTIONS=1";
				SDKROOT = iphoneos;
				VALIDATE_PRODUCT = YES;
			};
			name = Release;
		};
		58A4607518790CA300301D62 /* Debug */ = {
			isa = XCBuildConfiguration;
			buildSettings = {
				ALWAYS_SEARCH_USER_PATHS = YES;
				GCC_PRECOMPILE_PREFIX_HEADER = YES;
				GCC_PREFIX_HEADER = "scholar calendar/scholar calendar-Prefix.pch";
				INFOPLIST_FILE = "scholar calendar/scholar calendar-Info.plist";
				PRODUCT_NAME = "$(TARGET_NAME)";
				"USER_HEADER_SEARCH_PATHS[arch=*]" = /usr/include/libxml2.2;
				WRAPPER_EXTENSION = app;
			};
			name = Debug;
		};
		58A4607618790CA300301D62 /* Release */ = {
			isa = XCBuildConfiguration;
			buildSettings = {
				ALWAYS_SEARCH_USER_PATHS = YES;
				GCC_PRECOMPILE_PREFIX_HEADER = YES;
				GCC_PREFIX_HEADER = "scholar calendar/scholar calendar-Prefix.pch";
				INFOPLIST_FILE = "scholar calendar/scholar calendar-Info.plist";
				PRODUCT_NAME = "$(TARGET_NAME)";
				USER_HEADER_SEARCH_PATHS = "";
				"USER_HEADER_SEARCH_PATHS[arch=*]" = /usr/include/libxml2.2;
				WRAPPER_EXTENSION = app;
			};
			name = Release;
		};
		58A4607818790CA300301D62 /* Debug */ = {
			isa = XCBuildConfiguration;
			buildSettings = {
				BUNDLE_LOADER = "$(BUILT_PRODUCTS_DIR)/scholar calendar.app/scholar calendar";
				FRAMEWORK_SEARCH_PATHS = (
					"\"$(SDKROOT)/Developer/Library/Frameworks\"",
					"\"$(DEVELOPER_LIBRARY_DIR)/Frameworks\"",
				);
				GCC_PRECOMPILE_PREFIX_HEADER = YES;
				GCC_PREFIX_HEADER = "scholar calendar/scholar calendar-Prefix.pch";
				INFOPLIST_FILE = "scholar calendarTests/scholar calendarTests-Info.plist";
				PRODUCT_NAME = "$(TARGET_NAME)";
				TEST_HOST = "$(BUNDLE_LOADER)";
				WRAPPER_EXTENSION = octest;
			};
			name = Debug;
		};
		58A4607918790CA300301D62 /* Release */ = {
			isa = XCBuildConfiguration;
			buildSettings = {
				BUNDLE_LOADER = "$(BUILT_PRODUCTS_DIR)/scholar calendar.app/scholar calendar";
				FRAMEWORK_SEARCH_PATHS = (
					"\"$(SDKROOT)/Developer/Library/Frameworks\"",
					"\"$(DEVELOPER_LIBRARY_DIR)/Frameworks\"",
				);
				GCC_PRECOMPILE_PREFIX_HEADER = YES;
				GCC_PREFIX_HEADER = "scholar calendar/scholar calendar-Prefix.pch";
				INFOPLIST_FILE = "scholar calendarTests/scholar calendarTests-Info.plist";
				PRODUCT_NAME = "$(TARGET_NAME)";
				TEST_HOST = "$(BUNDLE_LOADER)";
				WRAPPER_EXTENSION = octest;
			};
			name = Release;
		};
/* End XCBuildConfiguration section */

/* Begin XCConfigurationList section */
		58A4603D18790CA200301D62 /* Build configuration list for PBXProject "scholar calendar" */ = {
			isa = XCConfigurationList;
			buildConfigurations = (
				58A4607218790CA300301D62 /* Debug */,
				58A4607318790CA300301D62 /* Release */,
			);
			defaultConfigurationIsVisible = 0;
			defaultConfigurationName = Release;
		};
		58A4607418790CA300301D62 /* Build configuration list for PBXNativeTarget "scholar calendar" */ = {
			isa = XCConfigurationList;
			buildConfigurations = (
				58A4607518790CA300301D62 /* Debug */,
				58A4607618790CA300301D62 /* Release */,
			);
			defaultConfigurationIsVisible = 0;
			defaultConfigurationName = Release;
		};
		58A4607718790CA300301D62 /* Build configuration list for PBXNativeTarget "scholar calendarTests" */ = {
			isa = XCConfigurationList;
			buildConfigurations = (
				58A4607818790CA300301D62 /* Debug */,
				58A4607918790CA300301D62 /* Release */,
			);
			defaultConfigurationIsVisible = 0;
			defaultConfigurationName = Release;
		};
/* End XCConfigurationList section */
	};
	rootObject = 58A4603A18790CA200301D62 /* Project object */;
}
